
Microsoft Visual Studio Solution File, Format Version 12.00
# Visual Studio Version 17
VisualStudioVersion = 17.3.32825.248
MinimumVisualStudioVersion = 10.0.40219.1
Project("{FAE04EC0-301F-11D3-BF4B-00C04F79EFBC}") = "TEST4LABA", "TEST4LABA\TEST4LABA.csproj", "{3246A0DA-86B4-4B78-A31F-3992217B771C}"
EndProject
Global
	GlobalSection(SolutionConfigurationPlatforms) = preSolution
		Debug|Any CPU = Debug|Any CPU
		Release|Any CPU = Release|Any CPU
	EndGlobalSection
	GlobalSection(ProjectConfigurationPlatforms) = postSolution
		{3246A0DA-86B4-4B78-A31F-3992217B771C}.Debug|Any CPU.ActiveCfg = Debug|Any CPU
		{3246A0DA-86B4-4B78-A31F-3992217B771C}.Debug|Any CPU.Build.0 = Debug|Any CPU
		{3246A0DA-86B4-4B78-A31F-3992217B771C}.Release|Any CPU.ActiveCfg = Release|Any CPU
		{3246A0DA-86B4-4B78-A31F-3992217B771C}.Release|Any CPU.Build.0 = Release|Any CPU
	EndGlobalSection
	GlobalSection(SolutionProperties) = preSolution
		HideSolutionNode = FALSE
	EndGlobalSection
	GlobalSection(ExtensibilityGlobals) = postSolution
		SolutionGuid = {74A1F1AF-9A50-40AC-AA72-8E6C8C3D739E}
	EndGlobalSection
EndGlobal
